Microsoft Visual Studio Solution File, Format Version 12.00
# Visual Studio Version 17
VisualStudioVersion = 17.5.2.0
MinimumVisualStudioVersion = 10.0.40219.1
Project("{FAE04EC0-301F-11D3-BF4B-00C04F79EFBC}") = "PT_Plugins", "PT_Plugins.csproj", "{754A756E-72C9-D9B4-4F91-D52248B1510D}"
EndProject
Global
	GlobalSection(SolutionConfigurationPlatforms) = preSolution
		Debug|Any CPU = Debug|Any CPU
		Release|Any CPU = Release|Any CPU
	EndGlobalSection
	GlobalSection(ProjectConfigurationPlatforms) = postSolution
		{754A756E-72C9-D9B4-4F91-D52248B1510D}.Debug|Any CPU.ActiveCfg = Debug|Any CPU
		{754A756E-72C9-D9B4-4F91-D52248B1510D}.Debug|Any CPU.Build.0 = Debug|Any CPU
		{754A756E-72C9-D9B4-4F91-D52248B1510D}.Release|Any CPU.ActiveCfg = Release|Any CPU
		{754A756E-72C9-D9B4-4F91-D52248B1510D}.Release|Any CPU.Build.0 = Release|Any CPU
	EndGlobalSection
	GlobalSection(SolutionProperties) = preSolution
		HideSolutionNode = FALSE
	EndGlobalSection
	GlobalSection(ExtensibilityGlobals) = postSolution
		SolutionGuid = {9C14A614-8100-45E0-B98F-394FA8A44AC1}
	EndGlobalSection
EndGlobal
